
Microsoft Visual Studio Solution File, Format Version 12.00
# Visual Studio 15
Project("{FAE04EC0-301F-11D3-BF4B-00C04F79EFBC}") = "Torre 2", "Torre 2.csproj", "{C432B31C-5E0E-6A25-99E3-D193A0FFF344}"
EndProject
Project("{FAE04EC0-301F-11D3-BF4B-00C04F79EFBC}") = "Torre 2.Editor", "Torre 2.Editor.csproj", "{D7CBEDCA-B8E4-0148-718D-67DCF9B67EF2}"
EndProject
Global
	GlobalSection(SolutionConfigurationPlatforms) = preSolution
		Debug|Any CPU = Debug|Any CPU
		Release|Any CPU = Release|Any CPU
	EndGlobalSection
	GlobalSection(ProjectConfigurationPlatforms) = postSolution
		{C432B31C-5E0E-6A25-99E3-D193A0FFF344}.Debug|Any CPU.ActiveCfg = Debug|Any CPU
		{C432B31C-5E0E-6A25-99E3-D193A0FFF344}.Debug|Any CPU.Build.0 = Debug|Any CPU
		{C432B31C-5E0E-6A25-99E3-D193A0FFF344}.Release|Any CPU.ActiveCfg = Release|Any CPU
		{C432B31C-5E0E-6A25-99E3-D193A0FFF344}.Release|Any CPU.Build.0 = Release|Any CPU
		{D7CBEDCA-B8E4-0148-718D-67DCF9B67EF2}.Debug|Any CPU.ActiveCfg = Debug|Any CPU
		{D7CBEDCA-B8E4-0148-718D-67DCF9B67EF2}.Debug|Any CPU.Build.0 = Debug|Any CPU
		{D7CBEDCA-B8E4-0148-718D-67DCF9B67EF2}.Release|Any CPU.ActiveCfg = Release|Any CPU
		{D7CBEDCA-B8E4-0148-718D-67DCF9B67EF2}.Release|Any CPU.Build.0 = Release|Any CPU
	EndGlobalSection
	GlobalSection(SolutionProperties) = preSolution
		HideSolutionNode = FALSE
	EndGlobalSection
EndGlobal
